
Microsoft Visual Studio Solution File, Format Version 12.00
Project("{FAE04EC0-301F-11D3-BF4B-00C04F79EFBC}") = "RUAP-Projekt", "RUAP-Projekt.csproj", "{1FBE280B-0EC3-474B-B918-EA5F08E813B6}"
EndProject
Global
	GlobalSection(SolutionConfigurationPlatforms) = preSolution
		Debug|Any CPU = Debug|Any CPU
		Release|Any CPU = Release|Any CPU
	EndGlobalSection
	GlobalSection(ProjectConfigurationPlatforms) = postSolution
		{1FBE280B-0EC3-474B-B918-EA5F08E813B6}.Debug|Any CPU.ActiveCfg = Debug|Any CPU
		{1FBE280B-0EC3-474B-B918-EA5F08E813B6}.Debug|Any CPU.Build.0 = Debug|Any CPU
		{1FBE280B-0EC3-474B-B918-EA5F08E813B6}.Release|Any CPU.ActiveCfg = Release|Any CPU
		{1FBE280B-0EC3-474B-B918-EA5F08E813B6}.Release|Any CPU.Build.0 = Release|Any CPU
	EndGlobalSection
EndGlobal
